
Microsoft Visual Studio Solution File, Format Version 12.00
# Visual Studio Version 17
VisualStudioVersion = 17.0.31903.59
MinimumVisualStudioVersion = 10.0.40219.1
Project("{9A19103F-16F7-4668-BE54-9A1E7A4F7556}") = "OchoaLopes.SlingShot.Domain", "src\OchoaLopes.SlingShot.Domain\OchoaLopes.SlingShot.Domain.csproj", "{3BEA8A0E-6B41-47AF-B3C9-C44F48037A29}"
EndProject
Project("{9A19103F-16F7-4668-BE54-9A1E7A4F7556}") = "OchoaLopes.SlingShot.Infra", "src\OchoaLopes.SlingShot.Infra\OchoaLopes.SlingShot.Infra.csproj", "{4F885980-3BB7-4B70-86ED-5E1D7503B2E1}"
EndProject
Project("{9A19103F-16F7-4668-BE54-9A1E7A4F7556}") = "OchoaLopes.SlingShot.Application", "src\OchoaLopes.SlingShot.Application\OchoaLopes.SlingShot.Application.csproj", "{14DC34B0-BBA1-4A86-90B4-6ED68F2C0E4C}"
EndProject
Project("{9A19103F-16F7-4668-BE54-9A1E7A4F7556}") = "OchoaLopes.SlingShot.CrossCutting", "src\OchoaLopes.SlingShot.CrossCutting\OchoaLopes.SlingShot.CrossCutting.csproj", "{3FE0AEE7-D471-47DF-B015-AB42EE8F1EA7}"
EndProject
Project("{9A19103F-16F7-4668-BE54-9A1E7A4F7556}") = "OchoaLopes.SlingShot.Tests", "test\OchoaLopes.SlingShot.Tests\OchoaLopes.SlingShot.Tests.csproj", "{7E232351-CEC2-471C-8D3F-A1AFF7EE0778}"
EndProject
Project("{9A19103F-16F7-4668-BE54-9A1E7A4F7556}") = "OchoaLopes.SlingShot.WorkerService", "src\OchoaLopes.SlingShot.WorkerService\OchoaLopes.SlingShot.WorkerService.csproj", "{C8FB4EFA-0CFE-4600-BDBD-B5C5C3133A40}"
EndProject
Project("{9A19103F-16F7-4668-BE54-9A1E7A4F7556}") = "OchoaLopes.SlingShot.ApiService", "src\OchoaLopes.SlingShot.APIService\OchoaLopes.SlingShot.ApiService.csproj", "{0A193A58-290B-409C-98B1-1FAD7373E6AF}"
EndProject
Global
	GlobalSection(SolutionConfigurationPlatforms) = preSolution
		Debug|Any CPU = Debug|Any CPU
		Release|Any CPU = Release|Any CPU
	EndGlobalSection
	GlobalSection(ProjectConfigurationPlatforms) = postSolution
		{3BEA8A0E-6B41-47AF-B3C9-C44F48037A29}.Debug|Any CPU.ActiveCfg = Debug|Any CPU
		{3BEA8A0E-6B41-47AF-B3C9-C44F48037A29}.Debug|Any CPU.Build.0 = Debug|Any CPU
		{3BEA8A0E-6B41-47AF-B3C9-C44F48037A29}.Release|Any CPU.ActiveCfg = Release|Any CPU
		{3BEA8A0E-6B41-47AF-B3C9-C44F48037A29}.Release|Any CPU.Build.0 = Release|Any CPU
		{4F885980-3BB7-4B70-86ED-5E1D7503B2E1}.Debug|Any CPU.ActiveCfg = Debug|Any CPU
		{4F885980-3BB7-4B70-86ED-5E1D7503B2E1}.Debug|Any CPU.Build.0 = Debug|Any CPU
		{4F885980-3BB7-4B70-86ED-5E1D7503B2E1}.Release|Any CPU.ActiveCfg = Release|Any CPU
		{4F885980-3BB7-4B70-86ED-5E1D7503B2E1}.Release|Any CPU.Build.0 = Release|Any CPU
		{14DC34B0-BBA1-4A86-90B4-6ED68F2C0E4C}.Debug|Any CPU.ActiveCfg = Debug|Any CPU
		{14DC34B0-BBA1-4A86-90B4-6ED68F2C0E4C}.Debug|Any CPU.Build.0 = Debug|Any CPU
		{14DC34B0-BBA1-4A86-90B4-6ED68F2C0E4C}.Release|Any CPU.ActiveCfg = Release|Any CPU
		{14DC34B0-BBA1-4A86-90B4-6ED68F2C0E4C}.Release|Any CPU.Build.0 = Release|Any CPU
		{3FE0AEE7-D471-47DF-B015-AB42EE8F1EA7}.Debug|Any CPU.ActiveCfg = Debug|Any CPU
		{3FE0AEE7-D471-47DF-B015-AB42EE8F1EA7}.Debug|Any CPU.Build.0 = Debug|Any CPU
		{3FE0AEE7-D471-47DF-B015-AB42EE8F1EA7}.Release|Any CPU.ActiveCfg = Release|Any CPU
		{3FE0AEE7-D471-47DF-B015-AB42EE8F1EA7}.Release|Any CPU.Build.0 = Release|Any CPU
		{7E232351-CEC2-471C-8D3F-A1AFF7EE0778}.Debug|Any CPU.ActiveCfg = Debug|Any CPU
		{7E232351-CEC2-471C-8D3F-A1AFF7EE0778}.Debug|Any CPU.Build.0 = Debug|Any CPU
		{7E232351-CEC2-471C-8D3F-A1AFF7EE0778}.Release|Any CPU.ActiveCfg = Release|Any CPU
		{7E232351-CEC2-471C-8D3F-A1AFF7EE0778}.Release|Any CPU.Build.0 = Release|Any CPU
		{C8FB4EFA-0CFE-4600-BDBD-B5C5C3133A40}.Debug|Any CPU.ActiveCfg = Debug|Any CPU
		{C8FB4EFA-0CFE-4600-BDBD-B5C5C3133A40}.Debug|Any CPU.Build.0 = Debug|Any CPU
		{C8FB4EFA-0CFE-4600-BDBD-B5C5C3133A40}.Release|Any CPU.ActiveCfg = Release|Any CPU
		{C8FB4EFA-0CFE-4600-BDBD-B5C5C3133A40}.Release|Any CPU.Build.0 = Release|Any CPU
		{0A193A58-290B-409C-98B1-1FAD7373E6AF}.Debug|Any CPU.ActiveCfg = Debug|Any CPU
		{0A193A58-290B-409C-98B1-1FAD7373E6AF}.Debug|Any CPU.Build.0 = Debug|Any CPU
		{0A193A58-290B-409C-98B1-1FAD7373E6AF}.Release|Any CPU.ActiveCfg = Release|Any CPU
		{0A193A58-290B-409C-98B1-1FAD7373E6AF}.Release|Any CPU.Build.0 = Release|Any CPU
	EndGlobalSection
	GlobalSection(SolutionProperties) = preSolution
		HideSolutionNode = FALSE
	EndGlobalSection
	GlobalSection(ExtensibilityGlobals) = postSolution
		SolutionGuid = {08511FB4-7C45-474E-A89A-2E8412A518FA}
	EndGlobalSection
EndGlobal
